{"is_source_file": false, "format": "", "description": "", "external_files": [], "external_methods": [], "published": [], "classes": [], "methods": [], "calls": [], "search-terms": [], "state": 2, "file_id": 18, "knowledge_revision": 39, "git_revision": "1b134c051206cad1bbb5b05a8902424b591cea0e", "hash": "e9b4c3b42cef0193b7fddb548d37e652", "format-version": 4, "code-base-name": "default", "filename": "title_animation_frontend_workspace/title_animation_frontend/post_process_status.lock", "revision_history": [{"39": "1b134c051206cad1bbb5b05a8902424b591cea0e"}]}